// !$*UTF8*$!
{
	archiveVersion = 1;
	classes = {
	};
	objectVersion = 55;
	objects = {

/* Begin PBXBuildFile section */
		88F5BD992907B9D6005F53E3 /* fiveletterApp.swift in Sources */ = {isa = PBXBuildFile; fileRef = 88F5BD982907B9D6005F53E3 /* fiveletterApp.swift */; };
		88F5BD9B2907B9D6005F53E3 /* MainMenu.swift in Sources */ = {isa = PBXBuildFile; fileRef = 88F5BD9A2907B9D6005F53E3 /* MainMenu.swift */; };
		88F5BD9D2907B9D7005F53E3 /* Assets.xcassets in Resources */ = {isa = PBXBuildFile; fileRef = 88F5BD9C2907B9D7005F53E3 /* Assets.xcassets */; };
		88F5BDA02907B9D7005F53E3 /* Preview Assets.xcassets in Resources */ = {isa = PBXBuildFile; fileRef = 88F5BD9F2907B9D7005F53E3 /* Preview Assets.xcassets */; };
		88F5BDA82907C003005F53E3 /* awsconfiguration.json in Resources */ = {isa = PBXBuildFile; fileRef = 88F5BDA62907C003005F53E3 /* awsconfiguration.json */; };
		88F5BDA92907C003005F53E3 /* amplifyconfiguration.json in Resources */ = {isa = PBXBuildFile; fileRef = 88F5BDA72907C003005F53E3 /* amplifyconfiguration.json */; };
		88F5BDAB2907C040005F53E3 /* Backend.swift in Sources */ = {isa = PBXBuildFile; fileRef = 88F5BDAA2907C040005F53E3 /* Backend.swift */; };
		88F5BDAF2907D09C005F53E3 /* awsconfiguration.json in Resources */ = {isa = PBXBuildFile; fileRef = 88F5BDAD2907D09B005F53E3 /* awsconfiguration.json */; };
		88F5BDB02907D09C005F53E3 /* amplifyconfiguration.json in Resources */ = {isa = PBXBuildFile; fileRef = 88F5BDAE2907D09C005F53E3 /* amplifyconfiguration.json */; };
		B41855A162045FFFCE3F8BB0 /* Pods_fiveletter.framework in Frameworks */ = {isa = PBXBuildFile; fileRef = 965C09E5B121AB48FC159FCD /* Pods_fiveletter.framework */; };
/* End PBXBuildFile section */

/* Begin PBXFileReference section */
		27457D2BEED149D091F46A15 /* Pods-fiveletter.debug.xcconfig */ = {isa = PBXFileReference; includeInIndex = 1; lastKnownFileType = text.xcconfig; name = "Pods-fiveletter.debug.xcconfig"; path = "Target Support Files/Pods-fiveletter/Pods-fiveletter.debug.xcconfig"; sourceTree = "<group>"; };
		88F5BD952907B9D6005F53E3 /* fiveletter.app */ = {isa = PBXFileReference; explicitFileType = wrapper.application; includeInIndex = 0; path = fiveletter.app; sourceTree = BUILT_PRODUCTS_DIR; };
		88F5BD982907B9D6005F53E3 /* fiveletterApp.swift */ = {isa = PBXFileReference; lastKnownFileType = sourcecode.swift; path = fiveletterApp.swift; sourceTree = "<group>"; };
		88F5BD9A2907B9D6005F53E3 /* MainMenu.swift */ = {isa = PBXFileReference; lastKnownFileType = sourcecode.swift; path = MainMenu.swift; sourceTree = "<group>"; };
		88F5BD9C2907B9D7005F53E3 /* Assets.xcassets */ = {isa = PBXFileReference; lastKnownFileType = folder.assetcatalog; path = Assets.xcassets; sourceTree = "<group>"; };
		88F5BD9F2907B9D7005F53E3 /* Preview Assets.xcassets */ = {isa = PBXFileReference; lastKnownFileType = folder.assetcatalog; path = "Preview Assets.xcassets"; sourceTree = "<group>"; };
		88F5BDA62907C003005F53E3 /* awsconfiguration.json */ = {isa = PBXFileReference; fileEncoding = 4; lastKnownFileType = text.json; path = awsconfiguration.json; sourceTree = "<group>"; };
		88F5BDA72907C003005F53E3 /* amplifyconfiguration.json */ = {isa = PBXFileReference; fileEncoding = 4; lastKnownFileType = text.json; path = amplifyconfiguration.json; sourceTree = "<group>"; };
		88F5BDAA2907C040005F53E3 /* Backend.swift */ = {isa = PBXFileReference; indentWidth = 4; lastKnownFileType = sourcecode.swift; path = Backend.swift; sourceTree = "<group>"; };
		88F5BDAD2907D09B005F53E3 /* awsconfiguration.json */ = {isa = PBXFileReference; fileEncoding = 4; lastKnownFileType = text.json; path = awsconfiguration.json; sourceTree = "<group>"; };
		88F5BDAE2907D09C005F53E3 /* amplifyconfiguration.json */ = {isa = PBXFileReference; fileEncoding = 4; lastKnownFileType = text.json; path = amplifyconfiguration.json; sourceTree = "<group>"; };
		88F5BDB12907D8E5005F53E3 /* Info.plist */ = {isa = PBXFileReference; lastKnownFileType = text.plist; path = Info.plist; sourceTree = "<group>"; };
		965C09E5B121AB48FC159FCD /* Pods_fiveletter.framework */ = {isa = PBXFileReference; explicitFileType = wrapper.framework; includeInIndex = 0; path = Pods_fiveletter.framework; sourceTree = BUILT_PRODUCTS_DIR; };
		E6AC0060904283870C9FD8AC /* Pods-fiveletter.release.xcconfig */ = {isa = PBXFileReference; includeInIndex = 1; lastKnownFileType = text.xcconfig; name = "Pods-fiveletter.release.xcconfig"; path = "Target Support Files/Pods-fiveletter/Pods-fiveletter.release.xcconfig"; sourceTree = "<group>"; };
/* End PBXFileReference section */

/* Begin PBXFrameworksBuildPhase section */
		88F5BD922907B9D6005F53E3 /* Frameworks */ = {
			isa = PBXFrameworksBuildPhase;
			buildActionMask = 2147483647;
			files = (
				B41855A162045FFFCE3F8BB0 /* Pods_fiveletter.framework in Frameworks */,
			);
			runOnlyForDeploymentPostprocessing = 0;
		};
/* End PBXFrameworksBuildPhase section */

/* Begin PBXGroup section */
		65DD7480845CDEE4D236026F /* Pods */ = {
			isa = PBXGroup;
			children = (
				27457D2BEED149D091F46A15 /* Pods-fiveletter.debug.xcconfig */,
				E6AC0060904283870C9FD8AC /* Pods-fiveletter.release.xcconfig */,
			);
			path = Pods;
			sourceTree = "<group>";
		};
		88F5BD8C2907B9D6005F53E3 = {
			isa = PBXGroup;
			children = (
				88F5BDAC2907D083005F53E3 /* AmplifyConfig */,
				88F5BDA72907C003005F53E3 /* amplifyconfiguration.json */,
				88F5BDA62907C003005F53E3 /* awsconfiguration.json */,
				88F5BD972907B9D6005F53E3 /* fiveletter */,
				88F5BD962907B9D6005F53E3 /* Products */,
				65DD7480845CDEE4D236026F /* Pods */,
				9889D9C75791E83C617CE824 /* Frameworks */,
			);
			sourceTree = "<group>";
		};
		88F5BD962907B9D6005F53E3 /* Products */ = {
			isa = PBXGroup;
			children = (
				88F5BD952907B9D6005F53E3 /* fiveletter.app */,
			);
			name = Products;
			sourceTree = "<group>";
		};
		88F5BD972907B9D6005F53E3 /* fiveletter */ = {
			isa = PBXGroup;
			children = (
				88F5BDB12907D8E5005F53E3 /* Info.plist */,
				88F5BD982907B9D6005F53E3 /* fiveletterApp.swift */,
				88F5BDAA2907C040005F53E3 /* Backend.swift */,
				88F5BD9A2907B9D6005F53E3 /* MainMenu.swift */,
				88F5BD9C2907B9D7005F53E3 /* Assets.xcassets */,
				88F5BD9E2907B9D7005F53E3 /* Preview Content */,
			);
			path = fiveletter;
			sourceTree = "<group>";
		};
		88F5BD9E2907B9D7005F53E3 /* Preview Content */ = {
			isa = PBXGroup;
			children = (
				88F5BD9F2907B9D7005F53E3 /* Preview Assets.xcassets */,
			);
			path = "Preview Content";
			sourceTree = "<group>";
		};
		88F5BDAC2907D083005F53E3 /* AmplifyConfig */ = {
			isa = PBXGroup;
			children = (
				88F5BDAE2907D09C005F53E3 /* amplifyconfiguration.json */,
				88F5BDAD2907D09B005F53E3 /* awsconfiguration.json */,
			);
			name = AmplifyConfig;
			sourceTree = "<group>";
		};
		9889D9C75791E83C617CE824 /* Frameworks */ = {
			isa = PBXGroup;
			children = (
				965C09E5B121AB48FC159FCD /* Pods_fiveletter.framework */,
			);
			name = Frameworks;
			sourceTree = "<group>";
		};
/* End PBXGroup section */

/* Begin PBXNativeTarget section */
		88F5BD942907B9D6005F53E3 /* fiveletter */ = {
			isa = PBXNativeTarget;
			buildConfigurationList = 88F5BDA32907B9D7005F53E3 /* Build configuration list for PBXNativeTarget "fiveletter" */;
			buildPhases = (
				CE6D17062A52A7AF542F678F /* [CP] Check Pods Manifest.lock */,
				88F5BD912907B9D6005F53E3 /* Sources */,
				88F5BD922907B9D6005F53E3 /* Frameworks */,
				88F5BD932907B9D6005F53E3 /* Resources */,
				DB15E2961EBFBC7BFB602998 /* [CP] Embed Pods Frameworks */,
			);
			buildRules = (
			);
			dependencies = (
			);
			name = fiveletter;
			productName = fiveletter;
			productReference = 88F5BD952907B9D6005F53E3 /* fiveletter.app */;
			productType = "com.apple.product-type.application";
		};
/* End PBXNativeTarget section */

/* Begin PBXProject section */
		88F5BD8D2907B9D6005F53E3 /* Project object */ = {
			isa = PBXProject;
			attributes = {
				BuildIndependentTargetsInParallel = 1;
				LastSwiftUpdateCheck = 1340;
				LastUpgradeCheck = 1340;
				TargetAttributes = {
					88F5BD942907B9D6005F53E3 = {
						CreatedOnToolsVersion = 13.4.1;
					};
				};
			};
			buildConfigurationList = 88F5BD902907B9D6005F53E3 /* Build configuration list for PBXProject "fiveletter" */;
			compatibilityVersion = "Xcode 13.0";
			developmentRegion = en;
			hasScannedForEncodings = 0;
			knownRegions = (
				en,
				Base,
			);
			mainGroup = 88F5BD8C2907B9D6005F53E3;
			productRefGroup = 88F5BD962907B9D6005F53E3 /* Products */;
			projectDirPath = "";
			projectRoot = "";
			targets = (
				88F5BD942907B9D6005F53E3 /* fiveletter */,
			);
		};
/* End PBXProject section */

/* Begin PBXResourcesBuildPhase section */
		88F5BD932907B9D6005F53E3 /* Resources */ = {
			isa = PBXResourcesBuildPhase;
			buildActionMask = 2147483647;
			files = (
				88F5BDAF2907D09C005F53E3 /* awsconfiguration.json in Resources */,
				88F5BDB02907D09C005F53E3 /* amplifyconfiguration.json in Resources */,
				88F5BDA82907C003005F53E3 /* awsconfiguration.json in Resources */,
				88F5BDA92907C003005F53E3 /* amplifyconfiguration.json in Resources */,
				88F5BDA02907B9D7005F53E3 /* Preview Assets.xcassets in Resources */,
				88F5BD9D2907B9D7005F53E3 /* Assets.xcassets in Resources */,
			);
			runOnlyForDeploymentPostprocessing = 0;
		};
/* End PBXResourcesBuildPhase section */

/* Begin PBXShellScriptBuildPhase section */
		CE6D17062A52A7AF542F678F /* [CP] Check Pods Manifest.lock */ = {
			isa = PBXShellScriptBuildPhase;
			buildActionMask = 2147483647;
			files = (
			);
			inputFileListPaths = (
			);
			inputPaths = (
				"${PODS_PODFILE_DIR_PATH}/Podfile.lock",
				"${PODS_ROOT}/Manifest.lock",
			);
			name = "[CP] Check Pods Manifest.lock";
			outputFileListPaths = (
			);
			outputPaths = (
				"$(DERIVED_FILE_DIR)/Pods-fiveletter-checkManifestLockResult.txt",
			);
			runOnlyForDeploymentPostprocessing = 0;
			shellPath = /bin/sh;
			shellScript = "diff \"${PODS_PODFILE_DIR_PATH}/Podfile.lock\" \"${PODS_ROOT}/Manifest.lock\" > /dev/null\nif [ $? != 0 ] ; then\n    # print error to STDERR\n    echo \"error: The sandbox is not in sync with the Podfile.lock. Run 'pod install' or update your CocoaPods installation.\" >&2\n    exit 1\nfi\n# This output is used by Xcode 'outputs' to avoid re-running this script phase.\necho \"SUCCESS\" > \"${SCRIPT_OUTPUT_FILE_0}\"\n";
			showEnvVarsInLog = 0;
		};
		DB15E2961EBFBC7BFB602998 /* [CP] Embed Pods Frameworks */ = {
			isa = PBXShellScriptBuildPhase;
			buildActionMask = 2147483647;
			files = (
			);
			inputFileListPaths = (
				"${PODS_ROOT}/Target Support Files/Pods-fiveletter/Pods-fiveletter-frameworks-${CONFIGURATION}-input-files.xcfilelist",
			);
			name = "[CP] Embed Pods Frameworks";
			outputFileListPaths = (
				"${PODS_ROOT}/Target Support Files/Pods-fiveletter/Pods-fiveletter-frameworks-${CONFIGURATION}-output-files.xcfilelist",
			);
			runOnlyForDeploymentPostprocessing = 0;
			shellPath = /bin/sh;
			shellScript = "\"${PODS_ROOT}/Target Support Files/Pods-fiveletter/Pods-fiveletter-frameworks.sh\"\n";
			showEnvVarsInLog = 0;
		};
/* End PBXShellScriptBuildPhase section */

/* Begin PBXSourcesBuildPhase section */
		88F5BD912907B9D6005F53E3 /* Sources */ = {
			isa = PBXSourcesBuildPhase;
			buildActionMask = 2147483647;
			files = (
				88F5BD9B2907B9D6005F53E3 /* MainMenu.swift in Sources */,
				88F5BD992907B9D6005F53E3 /* fiveletterApp.swift in Sources */,
				88F5BDAB2907C040005F53E3 /* Backend.swift in Sources */,
			);
			runOnlyForDeploymentPostprocessing = 0;
		};
/* End PBXSourcesBuildPhase section */

/* Begin XCBuildConfiguration section */
		88F5BDA12907B9D7005F53E3 /* Debug */ = {
			isa = XCBuildConfiguration;
			buildSettings = {
				ALWAYS_SEARCH_USER_PATHS = NO;
				CLANG_ANALYZER_NONNULL = YES;
				CLANG_ANALYZER_NUMBER_OBJECT_CONVERSION = YES_AGGRESSIVE;
				CLANG_CXX_LANGUAGE_STANDARD = "gnu++17";
				CLANG_ENABLE_MODULES = YES;
				CLANG_ENABLE_OBJC_ARC = YES;
				CLANG_ENABLE_OBJC_WEAK = YES;
				CLANG_WARN_BLOCK_CAPTURE_AUTORELEASING = YES;
				CLANG_WARN_BOOL_CONVERSION = YES;
				CLANG_WARN_COMMA = YES;
				CLANG_WARN_CONSTANT_CONVERSION = YES;
				CLANG_WARN_DEPRECATED_OBJC_IMPLEMENTATIONS = YES;
				CLANG_WARN_DIRECT_OBJC_ISA_USAGE = YES_ERROR;
				CLANG_WARN_DOCUMENTATION_COMMENTS = YES;
				CLANG_WARN_EMPTY_BODY = YES;
				CLANG_WARN_ENUM_CONVERSION = YES;
				CLANG_WARN_INFINITE_RECURSION = YES;
				CLANG_WARN_INT_CONVERSION = YES;
				CLANG_WARN_NON_LITERAL_NULL_CONVERSION = YES;
				CLANG_WARN_OBJC_IMPLICIT_RETAIN_SELF = YES;
				CLANG_WARN_OBJC_LITERAL_CONVERSION = YES;
				CLANG_WARN_OBJC_ROOT_CLASS = YES_ERROR;
				CLANG_WARN_QUOTED_INCLUDE_IN_FRAMEWORK_HEADER = YES;
				CLANG_WARN_RANGE_LOOP_ANALYSIS = YES;
				CLANG_WARN_STRICT_PROTOTYPES = YES;
				CLANG_WARN_SUSPICIOUS_MOVE = YES;
				CLANG_WARN_UNGUARDED_AVAILABILITY = YES_AGGRESSIVE;
				CLANG_WARN_UNREACHABLE_CODE = YES;
				CLANG_WARN__DUPLICATE_METHOD_MATCH = YES;
				COPY_PHASE_STRIP = NO;
				DEBUG_INFORMATION_FORMAT = dwarf;
				ENABLE_STRICT_OBJC_MSGSEND = YES;
				ENABLE_TESTABILITY = YES;
				GCC_C_LANGUAGE_STANDARD = gnu11;
				GCC_DYNAMIC_NO_PIC = NO;
				GCC_NO_COMMON_BLOCKS = YES;
				GCC_OPTIMIZATION_LEVEL = 0;
				GCC_PREPROCESSOR_DEFINITIONS = (
					"DEBUG=1",
					"$(inherited)",
				);
				GCC_WARN_64_TO_32_BIT_CONVERSION = YES;
				GCC_WARN_ABOUT_RETURN_TYPE = YES_ERROR;
				GCC_WARN_UNDECLARED_SELECTOR = YES;
				GCC_WARN_UNINITIALIZED_AUTOS = YES_AGGRESSIVE;
				GCC_WARN_UNUSED_FUNCTION = YES;
				GCC_WARN_UNUSED_VARIABLE = YES;
				IPHONEOS_DEPLOYMENT_TARGET = 15.5;
				MTL_ENABLE_DEBUG_INFO = INCLUDE_SOURCE;
				MTL_FAST_MATH = YES;
				ONLY_ACTIVE_ARCH = YES;
				SDKROOT = iphoneos;
				SWIFT_ACTIVE_COMPILATION_CONDITIONS = DEBUG;
				SWIFT_OPTIMIZATION_LEVEL = "-Onone";
			};
			name = Debug;
		};
		88F5BDA22907B9D7005F53E3 /* Release */ = {
			isa = XCBuildConfiguration;
			buildSettings = {
				ALWAYS_SEARCH_USER_PATHS = NO;
				CLANG_ANALYZER_NONNULL = YES;
				CLANG_ANALYZER_NUMBER_OBJECT_CONVERSION = YES_AGGRESSIVE;
				CLANG_CXX_LANGUAGE_STANDARD = "gnu++17";
				CLANG_ENABLE_MODULES = YES;
				CLANG_ENABLE_OBJC_ARC = YES;
				CLANG_ENABLE_OBJC_WEAK = YES;
				CLANG_WARN_BLOCK_CAPTURE_AUTORELEASING = YES;
				CLANG_WARN_BOOL_CONVERSION = YES;
				CLANG_WARN_COMMA = YES;
				CLANG_WARN_CONSTANT_CONVERSION = YES;
				CLANG_WARN_DEPRECATED_OBJC_IMPLEMENTATIONS = YES;
				CLANG_WARN_DIRECT_OBJC_ISA_USAGE = YES_ERROR;
				CLANG_WARN_DOCUMENTATION_COMMENTS = YES;
				CLANG_WARN_EMPTY_BODY = YES;
				CLANG_WARN_ENUM_CONVERSION = YES;
				CLANG_WARN_INFINITE_RECURSION = YES;
				CLANG_WARN_INT_CONVERSION = YES;
				CLANG_WARN_NON_LITERAL_NULL_CONVERSION = YES;
				CLANG_WARN_OBJC_IMPLICIT_RETAIN_SELF = YES;
				CLANG_WARN_OBJC_LITERAL_CONVERSION = YES;
				CLANG_WARN_OBJC_ROOT_CLASS = YES_ERROR;
				CLANG_WARN_QUOTED_INCLUDE_IN_FRAMEWORK_HEADER = YES;
				CLANG_WARN_RANGE_LOOP_ANALYSIS = YES;
				CLANG_WARN_STRICT_PROTOTYPES = YES;
				CLANG_WARN_SUSPICIOUS_MOVE = YES;
				CLANG_WARN_UNGUARDED_AVAILABILITY = YES_AGGRESSIVE;
				CLANG_WARN_UNREACHABLE_CODE = YES;
				CLANG_WARN__DUPLICATE_METHOD_MATCH = YES;
				COPY_PHASE_STRIP = NO;
				DEBUG_INFORMATION_FORMAT = "dwarf-with-dsym";
				ENABLE_NS_ASSERTIONS = NO;
				ENABLE_STRICT_OBJC_MSGSEND = YES;
				GCC_C_LANGUAGE_STANDARD = gnu11;
				GCC_NO_COMMON_BLOCKS = YES;
				GCC_WARN_64_TO_32_BIT_CONVERSION = YES;
				GCC_WARN_ABOUT_RETURN_TYPE = YES_ERROR;
				GCC_WARN_UNDECLARED_SELECTOR = YES;
				GCC_WARN_UNINITIALIZED_AUTOS = YES_AGGRESSIVE;
				GCC_WARN_UNUSED_FUNCTION = YES;
				GCC_WARN_UNUSED_VARIABLE = YES;
				IPHONEOS_DEPLOYMENT_TARGET = 15.5;
				MTL_ENABLE_DEBUG_INFO = NO;
				MTL_FAST_MATH = YES;
				SDKROOT = iphoneos;
				SWIFT_COMPILATION_MODE = wholemodule;
				SWIFT_OPTIMIZATION_LEVEL = "-O";
				VALIDATE_PRODUCT = YES;
			};
			name = Release;
		};
		88F5BDA42907B9D7005F53E3 /* Debug */ = {
			isa = XCBuildConfiguration;
			baseConfigurationReference = 27457D2BEED149D091F46A15 /* Pods-fiveletter.debug.xcconfig */;
			buildSettings = {
				ASSETCATALOG_COMPILER_APPICON_NAME = AppIcon;
				ASSETCATALOG_COMPILER_GLOBAL_ACCENT_COLOR_NAME = AccentColor;
				CODE_SIGN_STYLE = Automatic;
				CURRENT_PROJECT_VERSION = 1;
				DEVELOPMENT_ASSET_PATHS = "\"fiveletter/Preview Content\"";
				DEVELOPMENT_TEAM = 57TY6P8Y9L;
				ENABLE_PREVIEWS = YES;
				GENERATE_INFOPLIST_FILE = YES;
				INFOPLIST_FILE = fiveletter/Info.plist;
				INFOPLIST_KEY_UIApplicationSceneManifest_Generation = YES;
				INFOPLIST_KEY_UIApplicationSupportsIndirectInputEvents = YES;
				INFOPLIST_KEY_UILaunchScreen_Generation = YES;
				INFOPLIST_KEY_UISupportedInterfaceOrientations_iPad = "UIInterfaceOrientationPortrait UIInterfaceOrientationPortraitUpsideDown UIInterfaceOrientationLandscapeLeft UIInterfaceOrientationLandscapeRight";
				INFOPLIST_KEY_UISupportedInterfaceOrientations_iPhone = "UIInterfaceOrientationPortrait UIInterfaceOrientationLandscapeLeft UIInterfaceOrientationLandscapeRight";
				LD_RUNPATH_SEARCH_PATHS = (
					"$(inherited)",
					"@executable_path/Frameworks",
				);
				MARKETING_VERSION = 1.0;
				PRODUCT_BUNDLE_IDENTIFIER = jake.kelman.fiveletter;
				PRODUCT_NAME = "$(TARGET_NAME)";
				SWIFT_EMIT_LOC_STRINGS = YES;
				SWIFT_VERSION = 5.0;
				TARGETED_DEVICE_FAMILY = "1,2";
			};
			name = Debug;
		};
		88F5BDA52907B9D7005F53E3 /* Release */ = {
			isa = XCBuildConfiguration;
			baseConfigurationReference = E6AC0060904283870C9FD8AC /* Pods-fiveletter.release.xcconfig */;
			buildSettings = {
				ASSETCATALOG_COMPILER_APPICON_NAME = AppIcon;
				ASSETCATALOG_COMPILER_GLOBAL_ACCENT_COLOR_NAME = AccentColor;
				CODE_SIGN_STYLE = Automatic;
				CURRENT_PROJECT_VERSION = 1;
				DEVELOPMENT_ASSET_PATHS = "\"fiveletter/Preview Content\"";
				DEVELOPMENT_TEAM = 57TY6P8Y9L;
				ENABLE_PREVIEWS = YES;
				GENERATE_INFOPLIST_FILE = YES;
				INFOPLIST_FILE = fiveletter/Info.plist;
				INFOPLIST_KEY_UIApplicationSceneManifest_Generation = YES;
				INFOPLIST_KEY_UIApplicationSupportsIndirectInputEvents = YES;
				INFOPLIST_KEY_UILaunchScreen_Generation = YES;
				INFOPLIST_KEY_UISupportedInterfaceOrientations_iPad = "UIInterfaceOrientationPortrait UIInterfaceOrientationPortraitUpsideDown UIInterfaceOrientationLandscapeLeft UIInterfaceOrientationLandscapeRight";
				INFOPLIST_KEY_UISupportedInterfaceOrientations_iPhone = "UIInterfaceOrientationPortrait UIInterfaceOrientationLandscapeLeft UIInterfaceOrientationLandscapeRight";
				LD_RUNPATH_SEARCH_PATHS = (
					"$(inherited)",
					"@executable_path/Frameworks",
				);
				MARKETING_VERSION = 1.0;
				PRODUCT_BUNDLE_IDENTIFIER = jake.kelman.fiveletter;
				PRODUCT_NAME = "$(TARGET_NAME)";
				SWIFT_EMIT_LOC_STRINGS = YES;
				SWIFT_VERSION = 5.0;
				TARGETED_DEVICE_FAMILY = "1,2";
			};
			name = Release;
		};
/* End XCBuildConfiguration section */

/* Begin XCConfigurationList section */
		88F5BD902907B9D6005F53E3 /* Build configuration list for PBXProject "fiveletter" */ = {
			isa = XCConfigurationList;
			buildConfigurations = (
				88F5BDA12907B9D7005F53E3 /* Debug */,
				88F5BDA22907B9D7005F53E3 /* Release */,
			);
			defaultConfigurationIsVisible = 0;
			defaultConfigurationName = Release;
		};
		88F5BDA32907B9D7005F53E3 /* Build configuration list for PBXNativeTarget "fiveletter" */ = {
			isa = XCConfigurationList;
			buildConfigurations = (
				88F5BDA42907B9D7005F53E3 /* Debug */,
				88F5BDA52907B9D7005F53E3 /* Release */,
			);
			defaultConfigurationIsVisible = 0;
			defaultConfigurationName = Release;
		};
/* End XCConfigurationList section */
	};
	rootObject = 88F5BD8D2907B9D6005F53E3 /* Project object */;
}
